
Microsoft Visual Studio Solution File, Format Version 12.00
# Visual Studio 2013
VisualStudioVersion = 12.0.31101.0
MinimumVisualStudioVersion = 10.0.40219.1
Project("{FAE04EC0-301F-11D3-BF4B-00C04F79EFBC}") = "OrganizeMedia", "MovePictures\OrganizeMedia.csproj", "{41B96FB1-A8E2-464A-AF5A-47218320CF28}"
EndProject
Project("{FAE04EC0-301F-11D3-BF4B-00C04F79EFBC}") = "PictureOrganizerTests", "PictureOrganizerTests\PictureOrganizerTests.csproj", "{5B66FA82-756B-4010-ABFF-664414E14687}"
EndProject
Project("{FAE04EC0-301F-11D3-BF4B-00C04F79EFBC}") = "OrganizeMediaGUI", "OrganizeMediaGUI\OrganizeMediaGUI.csproj", "{9321439C-3F2D-4BF6-BFCE-E32428116992}"
EndProject
Global
	GlobalSection(SolutionConfigurationPlatforms) = preSolution
		Debug|Any CPU = Debug|Any CPU
		Release|Any CPU = Release|Any CPU
	EndGlobalSection
	GlobalSection(ProjectConfigurationPlatforms) = postSolution
		{41B96FB1-A8E2-464A-AF5A-47218320CF28}.Debug|Any CPU.ActiveCfg = Debug|Any CPU
		{41B96FB1-A8E2-464A-AF5A-47218320CF28}.Debug|Any CPU.Build.0 = Debug|Any CPU
		{41B96FB1-A8E2-464A-AF5A-47218320CF28}.Release|Any CPU.ActiveCfg = Release|Any CPU
		{41B96FB1-A8E2-464A-AF5A-47218320CF28}.Release|Any CPU.Build.0 = Release|Any CPU
		{5B66FA82-756B-4010-ABFF-664414E14687}.Debug|Any CPU.ActiveCfg = Debug|Any CPU
		{5B66FA82-756B-4010-ABFF-664414E14687}.Debug|Any CPU.Build.0 = Debug|Any CPU
		{5B66FA82-756B-4010-ABFF-664414E14687}.Release|Any CPU.ActiveCfg = Release|Any CPU
		{5B66FA82-756B-4010-ABFF-664414E14687}.Release|Any CPU.Build.0 = Release|Any CPU
		{9321439C-3F2D-4BF6-BFCE-E32428116992}.Debug|Any CPU.ActiveCfg = Debug|Any CPU
		{9321439C-3F2D-4BF6-BFCE-E32428116992}.Debug|Any CPU.Build.0 = Debug|Any CPU
		{9321439C-3F2D-4BF6-BFCE-E32428116992}.Release|Any CPU.ActiveCfg = Release|Any CPU
		{9321439C-3F2D-4BF6-BFCE-E32428116992}.Release|Any CPU.Build.0 = Release|Any CPU
	EndGlobalSection
	GlobalSection(SolutionProperties) = preSolution
		HideSolutionNode = FALSE
	EndGlobalSection
EndGlobal
